// !$*UTF8*$!
{
	archiveVersion = 1;
	classes = {
	};
	objectVersion = 50;
	objects = {

/* Begin PBXBuildFile section */
		51C57BCD98D3EA5B0083CBCB /* Pods_BookStoreUITests.framework in Frameworks */ = {isa = PBXBuildFile; fileRef = FCEA1EC757046CEFA24EC3F5 /* Pods_BookStoreUITests.framework */; };
		5CB6BAD314184EF018A5E71C /* Pods_BookStoreTests.framework in Frameworks */ = {isa = PBXBuildFile; fileRef = E079D19FA384DDADBFE7AC8F /* Pods_BookStoreTests.framework */; };
		68A9CE6B224685B6000CAFBD /* AppDelegate.swift in Sources */ = {isa = PBXBuildFile; fileRef = 68A9CE6A224685B6000CAFBD /* AppDelegate.swift */; };
		68A9CE70224685B6000CAFBD /* Main.storyboard in Resources */ = {isa = PBXBuildFile; fileRef = 68A9CE6E224685B6000CAFBD /* Main.storyboard */; };
		68A9CE72224685B8000CAFBD /* Assets.xcassets in Resources */ = {isa = PBXBuildFile; fileRef = 68A9CE71224685B8000CAFBD /* Assets.xcassets */; };
		68A9CE75224685B8000CAFBD /* LaunchScreen.storyboard in Resources */ = {isa = PBXBuildFile; fileRef = 68A9CE73224685B8000CAFBD /* LaunchScreen.storyboard */; };
		68A9CE80224685B8000CAFBD /* BookStoreTests.swift in Sources */ = {isa = PBXBuildFile; fileRef = 68A9CE7F224685B8000CAFBD /* BookStoreTests.swift */; };
		68A9CE8B224685B8000CAFBD /* BookStoreUITests.swift in Sources */ = {isa = PBXBuildFile; fileRef = 68A9CE8A224685B8000CAFBD /* BookStoreUITests.swift */; };
		68E5957D2247B50B00ACEC37 /* APIClientProtocol.swift in Sources */ = {isa = PBXBuildFile; fileRef = 68E5957C2247B50B00ACEC37 /* APIClientProtocol.swift */; };
		68E5957F2247B52A00ACEC37 /* APIRouter.swift in Sources */ = {isa = PBXBuildFile; fileRef = 68E5957E2247B52A00ACEC37 /* APIRouter.swift */; };
		68E595822247B55E00ACEC37 /* EnvironmentConfig.swift in Sources */ = {isa = PBXBuildFile; fileRef = 68E595812247B55E00ACEC37 /* EnvironmentConfig.swift */; };
		68E595842247B59E00ACEC37 /* APIResult.swift in Sources */ = {isa = PBXBuildFile; fileRef = 68E595832247B59E00ACEC37 /* APIResult.swift */; };
		68E595862247B5BE00ACEC37 /* APIError.swift in Sources */ = {isa = PBXBuildFile; fileRef = 68E595852247B5BE00ACEC37 /* APIError.swift */; };
		68E595882247B5E600ACEC37 /* APIClient.swift in Sources */ = {isa = PBXBuildFile; fileRef = 68E595872247B5E600ACEC37 /* APIClient.swift */; };
		68E5958B2247B61A00ACEC37 /* Codable+Extensions.swift in Sources */ = {isa = PBXBuildFile; fileRef = 68E5958A2247B61A00ACEC37 /* Codable+Extensions.swift */; };
		68E5958E2247B83900ACEC37 /* Book.swift in Sources */ = {isa = PBXBuildFile; fileRef = 68E5958D2247B83900ACEC37 /* Book.swift */; };
		68E595902247B8D300ACEC37 /* VolumeInfo.swift in Sources */ = {isa = PBXBuildFile; fileRef = 68E5958F2247B8D300ACEC37 /* VolumeInfo.swift */; };
		68E595922247B96F00ACEC37 /* IndustryIdentifiers.swift in Sources */ = {isa = PBXBuildFile; fileRef = 68E595912247B96F00ACEC37 /* IndustryIdentifiers.swift */; };
		68E595942247BD9E00ACEC37 /* SaleInfo.swift in Sources */ = {isa = PBXBuildFile; fileRef = 68E595932247BD9E00ACEC37 /* SaleInfo.swift */; };
		68E595972247C23600ACEC37 /* ImageLinks.swift in Sources */ = {isa = PBXBuildFile; fileRef = 68E595962247C23600ACEC37 /* ImageLinks.swift */; };
		68E5959B2247C2AA00ACEC37 /* Price.swift in Sources */ = {isa = PBXBuildFile; fileRef = 68E5959A2247C2AA00ACEC37 /* Price.swift */; };
		68E5959F2247C36C00ACEC37 /* BookRouter.swift in Sources */ = {isa = PBXBuildFile; fileRef = 68E5959E2247C36C00ACEC37 /* BookRouter.swift */; };
		68E595A12247C8BB00ACEC37 /* BookService.swift in Sources */ = {isa = PBXBuildFile; fileRef = 68E595A02247C8BB00ACEC37 /* BookService.swift */; };
		68E595A32247C93100ACEC37 /* SearchResponse.swift in Sources */ = {isa = PBXBuildFile; fileRef = 68E595A22247C93100ACEC37 /* SearchResponse.swift */; };
		68E595A62247CB5B00ACEC37 /* BookViewController.swift in Sources */ = {isa = PBXBuildFile; fileRef = 68E595A52247CB5B00ACEC37 /* BookViewController.swift */; };
		68E595A92247E48200ACEC37 /* BookCell.swift in Sources */ = {isa = PBXBuildFile; fileRef = 68E595A82247E48200ACEC37 /* BookCell.swift */; };
		68E595AC2247E70600ACEC37 /* BookCell.xib in Resources */ = {isa = PBXBuildFile; fileRef = 68E595AB2247E70600ACEC37 /* BookCell.xib */; };
		A64D862B857A734CD1DDA149 /* Pods_BookStore.framework in Frameworks */ = {isa = PBXBuildFile; fileRef = F62740B77B8A5A0C473A654B /* Pods_BookStore.framework */; };
/* End PBXBuildFile section */

/* Begin PBXContainerItemProxy section */
		68A9CE7C224685B8000CAFBD /* PBXContainerItemProxy */ = {
			isa = PBXContainerItemProxy;
			containerPortal = 68A9CE5F224685B6000CAFBD /* Project object */;
			proxyType = 1;
			remoteGlobalIDString = 68A9CE66224685B6000CAFBD;
			remoteInfo = BookStore;
		};
		68A9CE87224685B8000CAFBD /* PBXContainerItemProxy */ = {
			isa = PBXContainerItemProxy;
			containerPortal = 68A9CE5F224685B6000CAFBD /* Project object */;
			proxyType = 1;
			remoteGlobalIDString = 68A9CE66224685B6000CAFBD;
			remoteInfo = BookStore;
		};
/* End PBXContainerItemProxy section */

/* Begin PBXFileReference section */
		2E8E8BE575C65BA23ADE2D2A /* Pods-BookStoreTests.release.xcconfig */ = {isa = PBXFileReference; includeInIndex = 1; lastKnownFileType = text.xcconfig; name = "Pods-BookStoreTests.release.xcconfig"; path = "Target Support Files/Pods-BookStoreTests/Pods-BookStoreTests.release.xcconfig"; sourceTree = "<group>"; };
		37BFD0D4CA6EEF24630304C2 /* Pods-BookStoreUITests.debug.xcconfig */ = {isa = PBXFileReference; includeInIndex = 1; lastKnownFileType = text.xcconfig; name = "Pods-BookStoreUITests.debug.xcconfig"; path = "Target Support Files/Pods-BookStoreUITests/Pods-BookStoreUITests.debug.xcconfig"; sourceTree = "<group>"; };
		52A03D537BB619B0702621E5 /* Pods-BookStore.release.xcconfig */ = {isa = PBXFileReference; includeInIndex = 1; lastKnownFileType = text.xcconfig; name = "Pods-BookStore.release.xcconfig"; path = "Target Support Files/Pods-BookStore/Pods-BookStore.release.xcconfig"; sourceTree = "<group>"; };
		68A9CE67224685B6000CAFBD /* BookStore.app */ = {isa = PBXFileReference; explicitFileType = wrapper.application; includeInIndex = 0; path = BookStore.app; sourceTree = BUILT_PRODUCTS_DIR; };
		68A9CE6A224685B6000CAFBD /* AppDelegate.swift */ = {isa = PBXFileReference; lastKnownFileType = sourcecode.swift; path = AppDelegate.swift; sourceTree = "<group>"; };
		68A9CE6F224685B6000CAFBD /* Base */ = {isa = PBXFileReference; lastKnownFileType = file.storyboard; name = Base; path = Base.lproj/Main.storyboard; sourceTree = "<group>"; };
		68A9CE71224685B8000CAFBD /* Assets.xcassets */ = {isa = PBXFileReference; lastKnownFileType = folder.assetcatalog; path = Assets.xcassets; sourceTree = "<group>"; };
		68A9CE74224685B8000CAFBD /* Base */ = {isa = PBXFileReference; lastKnownFileType = file.storyboard; name = Base; path = Base.lproj/LaunchScreen.storyboard; sourceTree = "<group>"; };
		68A9CE76224685B8000CAFBD /* Info.plist */ = {isa = PBXFileReference; lastKnownFileType = text.plist.xml; path = Info.plist; sourceTree = "<group>"; };
		68A9CE7B224685B8000CAFBD /* BookStoreTests.xctest */ = {isa = PBXFileReference; explicitFileType = wrapper.cfbundle; includeInIndex = 0; path = BookStoreTests.xctest; sourceTree = BUILT_PRODUCTS_DIR; };
		68A9CE7F224685B8000CAFBD /* BookStoreTests.swift */ = {isa = PBXFileReference; lastKnownFileType = sourcecode.swift; path = BookStoreTests.swift; sourceTree = "<group>"; };
		68A9CE81224685B8000CAFBD /* Info.plist */ = {isa = PBXFileReference; lastKnownFileType = text.plist.xml; path = Info.plist; sourceTree = "<group>"; };
		68A9CE86224685B8000CAFBD /* BookStoreUITests.xctest */ = {isa = PBXFileReference; explicitFileType = wrapper.cfbundle; includeInIndex = 0; path = BookStoreUITests.xctest; sourceTree = BUILT_PRODUCTS_DIR; };
		68A9CE8A224685B8000CAFBD /* BookStoreUITests.swift */ = {isa = PBXFileReference; lastKnownFileType = sourcecode.swift; path = BookStoreUITests.swift; sourceTree = "<group>"; };
		68A9CE8C224685B8000CAFBD /* Info.plist */ = {isa = PBXFileReference; lastKnownFileType = text.plist.xml; path = Info.plist; sourceTree = "<group>"; };
		68E5957C2247B50B00ACEC37 /* APIClientProtocol.swift */ = {isa = PBXFileReference; lastKnownFileType = sourcecode.swift; path = APIClientProtocol.swift; sourceTree = "<group>"; };
		68E5957E2247B52A00ACEC37 /* APIRouter.swift */ = {isa = PBXFileReference; lastKnownFileType = sourcecode.swift; path = APIRouter.swift; sourceTree = "<group>"; };
		68E595812247B55E00ACEC37 /* EnvironmentConfig.swift */ = {isa = PBXFileReference; lastKnownFileType = sourcecode.swift; path = EnvironmentConfig.swift; sourceTree = "<group>"; };
		68E595832247B59E00ACEC37 /* APIResult.swift */ = {isa = PBXFileReference; lastKnownFileType = sourcecode.swift; path = APIResult.swift; sourceTree = "<group>"; };
		68E595852247B5BE00ACEC37 /* APIError.swift */ = {isa = PBXFileReference; lastKnownFileType = sourcecode.swift; path = APIError.swift; sourceTree = "<group>"; };
		68E595872247B5E600ACEC37 /* APIClient.swift */ = {isa = PBXFileReference; lastKnownFileType = sourcecode.swift; path = APIClient.swift; sourceTree = "<group>"; };
		68E5958A2247B61A00ACEC37 /* Codable+Extensions.swift */ = {isa = PBXFileReference; lastKnownFileType = sourcecode.swift; path = "Codable+Extensions.swift"; sourceTree = "<group>"; };
		68E5958D2247B83900ACEC37 /* Book.swift */ = {isa = PBXFileReference; lastKnownFileType = sourcecode.swift; path = Book.swift; sourceTree = "<group>"; };
		68E5958F2247B8D300ACEC37 /* VolumeInfo.swift */ = {isa = PBXFileReference; lastKnownFileType = sourcecode.swift; path = VolumeInfo.swift; sourceTree = "<group>"; };
		68E595912247B96F00ACEC37 /* IndustryIdentifiers.swift */ = {isa = PBXFileReference; lastKnownFileType = sourcecode.swift; path = IndustryIdentifiers.swift; sourceTree = "<group>"; };
		68E595932247BD9E00ACEC37 /* SaleInfo.swift */ = {isa = PBXFileReference; lastKnownFileType = sourcecode.swift; path = SaleInfo.swift; sourceTree = "<group>"; };
		68E595962247C23600ACEC37 /* ImageLinks.swift */ = {isa = PBXFileReference; lastKnownFileType = sourcecode.swift; path = ImageLinks.swift; sourceTree = "<group>"; };
		68E5959A2247C2AA00ACEC37 /* Price.swift */ = {isa = PBXFileReference; lastKnownFileType = sourcecode.swift; path = Price.swift; sourceTree = "<group>"; };
		68E5959E2247C36C00ACEC37 /* BookRouter.swift */ = {isa = PBXFileReference; lastKnownFileType = sourcecode.swift; path = BookRouter.swift; sourceTree = "<group>"; };
		68E595A02247C8BB00ACEC37 /* BookService.swift */ = {isa = PBXFileReference; lastKnownFileType = sourcecode.swift; path = BookService.swift; sourceTree = "<group>"; };
		68E595A22247C93100ACEC37 /* SearchResponse.swift */ = {isa = PBXFileReference; lastKnownFileType = sourcecode.swift; path = SearchResponse.swift; sourceTree = "<group>"; };
		68E595A52247CB5B00ACEC37 /* BookViewController.swift */ = {isa = PBXFileReference; lastKnownFileType = sourcecode.swift; path = BookViewController.swift; sourceTree = "<group>"; };
		68E595A82247E48200ACEC37 /* BookCell.swift */ = {isa = PBXFileReference; lastKnownFileType = sourcecode.swift; path = BookCell.swift; sourceTree = "<group>"; };
		68E595AB2247E70600ACEC37 /* BookCell.xib */ = {isa = PBXFileReference; lastKnownFileType = file.xib; path = BookCell.xib; sourceTree = "<group>"; };
		79CB0BD0F23CB615AAD7216C /* Pods-BookStore.debug.xcconfig */ = {isa = PBXFileReference; includeInIndex = 1; lastKnownFileType = text.xcconfig; name = "Pods-BookStore.debug.xcconfig"; path = "Target Support Files/Pods-BookStore/Pods-BookStore.debug.xcconfig"; sourceTree = "<group>"; };
		9D5CAA601FC81C58B30EA5ED /* Pods-BookStoreTests.debug.xcconfig */ = {isa = PBXFileReference; includeInIndex = 1; lastKnownFileType = text.xcconfig; name = "Pods-BookStoreTests.debug.xcconfig"; path = "Target Support Files/Pods-BookStoreTests/Pods-BookStoreTests.debug.xcconfig"; sourceTree = "<group>"; };
		E079D19FA384DDADBFE7AC8F /* Pods_BookStoreTests.framework */ = {isa = PBXFileReference; explicitFileType = wrapper.framework; includeInIndex = 0; path = Pods_BookStoreTests.framework; sourceTree = BUILT_PRODUCTS_DIR; };
		F62740B77B8A5A0C473A654B /* Pods_BookStore.framework */ = {isa = PBXFileReference; explicitFileType = wrapper.framework; includeInIndex = 0; path = Pods_BookStore.framework; sourceTree = BUILT_PRODUCTS_DIR; };
		F7BC8D9B99118374EFF2FB67 /* Pods-BookStoreUITests.release.xcconfig */ = {isa = PBXFileReference; includeInIndex = 1; lastKnownFileType = text.xcconfig; name = "Pods-BookStoreUITests.release.xcconfig"; path = "Target Support Files/Pods-BookStoreUITests/Pods-BookStoreUITests.release.xcconfig"; sourceTree = "<group>"; };
		FCEA1EC757046CEFA24EC3F5 /* Pods_BookStoreUITests.framework */ = {isa = PBXFileReference; explicitFileType = wrapper.framework; includeInIndex = 0; path = Pods_BookStoreUITests.framework; sourceTree = BUILT_PRODUCTS_DIR; };
/* End PBXFileReference section */

/* Begin PBXFrameworksBuildPhase section */
		68A9CE64224685B6000CAFBD /* Frameworks */ = {
			isa = PBXFrameworksBuildPhase;
			buildActionMask = 2147483647;
			files = (
				A64D862B857A734CD1DDA149 /* Pods_BookStore.framework in Frameworks */,
			);
			runOnlyForDeploymentPostprocessing = 0;
		};
		68A9CE78224685B8000CAFBD /* Frameworks */ = {
			isa = PBXFrameworksBuildPhase;
			buildActionMask = 2147483647;
			files = (
				5CB6BAD314184EF018A5E71C /* Pods_BookStoreTests.framework in Frameworks */,
			);
			runOnlyForDeploymentPostprocessing = 0;
		};
		68A9CE83224685B8000CAFBD /* Frameworks */ = {
			isa = PBXFrameworksBuildPhase;
			buildActionMask = 2147483647;
			files = (
				51C57BCD98D3EA5B0083CBCB /* Pods_BookStoreUITests.framework in Frameworks */,
			);
			runOnlyForDeploymentPostprocessing = 0;
		};
/* End PBXFrameworksBuildPhase section */

/* Begin PBXGroup section */
		2D74E9BDA6EFC5D6F47F4FAC /* Frameworks */ = {
			isa = PBXGroup;
			children = (
				F62740B77B8A5A0C473A654B /* Pods_BookStore.framework */,
				E079D19FA384DDADBFE7AC8F /* Pods_BookStoreTests.framework */,
				FCEA1EC757046CEFA24EC3F5 /* Pods_BookStoreUITests.framework */,
			);
			name = Frameworks;
			sourceTree = "<group>";
		};
		68A9CE5E224685B6000CAFBD = {
			isa = PBXGroup;
			children = (
				68A9CE69224685B6000CAFBD /* BookStore */,
				68A9CE7E224685B8000CAFBD /* BookStoreTests */,
				68A9CE89224685B8000CAFBD /* BookStoreUITests */,
				68A9CE68224685B6000CAFBD /* Products */,
				FFC6C3E4A66326AFE419F422 /* Pods */,
				2D74E9BDA6EFC5D6F47F4FAC /* Frameworks */,
			);
			sourceTree = "<group>";
		};
		68A9CE68224685B6000CAFBD /* Products */ = {
			isa = PBXGroup;
			children = (
				68A9CE67224685B6000CAFBD /* BookStore.app */,
				68A9CE7B224685B8000CAFBD /* BookStoreTests.xctest */,
				68A9CE86224685B8000CAFBD /* BookStoreUITests.xctest */,
			);
			name = Products;
			sourceTree = "<group>";
		};
		68A9CE69224685B6000CAFBD /* BookStore */ = {
			isa = PBXGroup;
			children = (
				68E595AA2247E6F600ACEC37 /* View */,
				68E595A42247CB4700ACEC37 /* Controller */,
				68E5958C2247B82700ACEC37 /* Model */,
				68E595802247B54400ACEC37 /* Util */,
				68E595792247B4CB00ACEC37 /* Services */,
				68A9CE6A224685B6000CAFBD /* AppDelegate.swift */,
				68A9CE6E224685B6000CAFBD /* Main.storyboard */,
				68A9CE71224685B8000CAFBD /* Assets.xcassets */,
				68A9CE73224685B8000CAFBD /* LaunchScreen.storyboard */,
				68A9CE76224685B8000CAFBD /* Info.plist */,
			);
			path = BookStore;
			sourceTree = "<group>";
		};
		68A9CE7E224685B8000CAFBD /* BookStoreTests */ = {
			isa = PBXGroup;
			children = (
				68A9CE7F224685B8000CAFBD /* BookStoreTests.swift */,
				68A9CE81224685B8000CAFBD /* Info.plist */,
			);
			path = BookStoreTests;
			sourceTree = "<group>";
		};
		68A9CE89224685B8000CAFBD /* BookStoreUITests */ = {
			isa = PBXGroup;
			children = (
				68A9CE8A224685B8000CAFBD /* BookStoreUITests.swift */,
				68A9CE8C224685B8000CAFBD /* Info.plist */,
			);
			path = BookStoreUITests;
			sourceTree = "<group>";
		};
		68E595792247B4CB00ACEC37 /* Services */ = {
			isa = PBXGroup;
			children = (
				68E5959C2247C34600ACEC37 /* APIService */,
				68E5957A2247B4DA00ACEC37 /* APIClient */,
			);
			path = Services;
			sourceTree = "<group>";
		};
		68E5957A2247B4DA00ACEC37 /* APIClient */ = {
			isa = PBXGroup;
			children = (
				68E5957B2247B4E200ACEC37 /* Core */,
			);
			path = APIClient;
			sourceTree = "<group>";
		};
		68E5957B2247B4E200ACEC37 /* Core */ = {
			isa = PBXGroup;
			children = (
				68E5957C2247B50B00ACEC37 /* APIClientProtocol.swift */,
				68E5957E2247B52A00ACEC37 /* APIRouter.swift */,
				68E595832247B59E00ACEC37 /* APIResult.swift */,
				68E595852247B5BE00ACEC37 /* APIError.swift */,
				68E595872247B5E600ACEC37 /* APIClient.swift */,
			);
			path = Core;
			sourceTree = "<group>";
		};
		68E595802247B54400ACEC37 /* Util */ = {
			isa = PBXGroup;
			children = (
				68E595892247B60A00ACEC37 /* Extensions */,
				68E595812247B55E00ACEC37 /* EnvironmentConfig.swift */,
			);
			path = Util;
			sourceTree = "<group>";
		};
		68E595892247B60A00ACEC37 /* Extensions */ = {
			isa = PBXGroup;
			children = (
				68E5958A2247B61A00ACEC37 /* Codable+Extensions.swift */,
			);
			path = Extensions;
			sourceTree = "<group>";
		};
		68E5958C2247B82700ACEC37 /* Model */ = {
			isa = PBXGroup;
			children = (
				68E595992247C29800ACEC37 /* Sale */,
				68E595982247C28200ACEC37 /* Book */,
				68E595952247C22200ACEC37 /* VolumeInfo */,
				68E595A22247C93100ACEC37 /* SearchResponse.swift */,
			);
			path = Model;
			sourceTree = "<group>";
		};
		68E595952247C22200ACEC37 /* VolumeInfo */ = {
			isa = PBXGroup;
			children = (
				68E5958F2247B8D300ACEC37 /* VolumeInfo.swift */,
				68E595962247C23600ACEC37 /* ImageLinks.swift */,
				68E595912247B96F00ACEC37 /* IndustryIdentifiers.swift */,
			);
			path = VolumeInfo;
			sourceTree = "<group>";
		};
		68E595982247C28200ACEC37 /* Book */ = {
			isa = PBXGroup;
			children = (
				68E5958D2247B83900ACEC37 /* Book.swift */,
			);
			path = Book;
			sourceTree = "<group>";
		};
		68E595992247C29800ACEC37 /* Sale */ = {
			isa = PBXGroup;
			children = (
				68E595932247BD9E00ACEC37 /* SaleInfo.swift */,
				68E5959A2247C2AA00ACEC37 /* Price.swift */,
			);
			path = Sale;
			sourceTree = "<group>";
		};
		68E5959C2247C34600ACEC37 /* APIService */ = {
			isa = PBXGroup;
			children = (
				68E5959D2247C35500ACEC37 /* Router */,
				68E595A02247C8BB00ACEC37 /* BookService.swift */,
			);
			path = APIService;
			sourceTree = "<group>";
		};
		68E5959D2247C35500ACEC37 /* Router */ = {
			isa = PBXGroup;
			children = (
				68E5959E2247C36C00ACEC37 /* BookRouter.swift */,
			);
			path = Router;
			sourceTree = "<group>";
		};
		68E595A42247CB4700ACEC37 /* Controller */ = {
			isa = PBXGroup;
			children = (
				68E595A72247E46400ACEC37 /* Book */,
			);
			path = Controller;
			sourceTree = "<group>";
		};
		68E595A72247E46400ACEC37 /* Book */ = {
			isa = PBXGroup;
			children = (
				68E595A52247CB5B00ACEC37 /* BookViewController.swift */,
				68E595A82247E48200ACEC37 /* BookCell.swift */,
			);
			path = Book;
			sourceTree = "<group>";
		};
		68E595AA2247E6F600ACEC37 /* View */ = {
			isa = PBXGroup;
			children = (
				68E595AB2247E70600ACEC37 /* BookCell.xib */,
			);
			path = View;
			sourceTree = "<group>";
		};
		FFC6C3E4A66326AFE419F422 /* Pods */ = {
			isa = PBXGroup;
			children = (
				79CB0BD0F23CB615AAD7216C /* Pods-BookStore.debug.xcconfig */,
				52A03D537BB619B0702621E5 /* Pods-BookStore.release.xcconfig */,
				9D5CAA601FC81C58B30EA5ED /* Pods-BookStoreTests.debug.xcconfig */,
				2E8E8BE575C65BA23ADE2D2A /* Pods-BookStoreTests.release.xcconfig */,
				37BFD0D4CA6EEF24630304C2 /* Pods-BookStoreUITests.debug.xcconfig */,
				F7BC8D9B99118374EFF2FB67 /* Pods-BookStoreUITests.release.xcconfig */,
			);
			name = Pods;
			path = Pods;
			sourceTree = "<group>";
		};
/* End PBXGroup section */

/* Begin PBXNativeTarget section */
		68A9CE66224685B6000CAFBD /* BookStore */ = {
			isa = PBXNativeTarget;
			buildConfigurationList = 68A9CE8F224685B8000CAFBD /* Build configuration list for PBXNativeTarget "BookStore" */;
			buildPhases = (
				5C1EACD00AC0B7BD43823118 /* [CP] Check Pods Manifest.lock */,
				68A9CE63224685B6000CAFBD /* Sources */,
				68A9CE64224685B6000CAFBD /* Frameworks */,
				68A9CE65224685B6000CAFBD /* Resources */,
			);
			buildRules = (
			);
			dependencies = (
			);
			name = BookStore;
			productName = BookStore;
			productReference = 68A9CE67224685B6000CAFBD /* BookStore.app */;
			productType = "com.apple.product-type.application";
		};
		68A9CE7A224685B8000CAFBD /* BookStoreTests */ = {
			isa = PBXNativeTarget;
			buildConfigurationList = 68A9CE92224685B8000CAFBD /* Build configuration list for PBXNativeTarget "BookStoreTests" */;
			buildPhases = (
				3F1A4A64F2074273771D296B /* [CP] Check Pods Manifest.lock */,
				68A9CE77224685B8000CAFBD /* Sources */,
				68A9CE78224685B8000CAFBD /* Frameworks */,
				68A9CE79224685B8000CAFBD /* Resources */,
				611E674F3080ED4BE1164342 /* [CP] Embed Pods Frameworks */,
			);
			buildRules = (
			);
			dependencies = (
				68A9CE7D224685B8000CAFBD /* PBXTargetDependency */,
			);
			name = BookStoreTests;
			productName = BookStoreTests;
			productReference = 68A9CE7B224685B8000CAFBD /* BookStoreTests.xctest */;
			productType = "com.apple.product-type.bundle.unit-test";
		};
		68A9CE85224685B8000CAFBD /* BookStoreUITests */ = {
			isa = PBXNativeTarget;
			buildConfigurationList = 68A9CE95224685B8000CAFBD /* Build configuration list for PBXNativeTarget "BookStoreUITests" */;
			buildPhases = (
				D47CBCCEBEED2E9999BA837B /* [CP] Check Pods Manifest.lock */,
				68A9CE82224685B8000CAFBD /* Sources */,
				68A9CE83224685B8000CAFBD /* Frameworks */,
				68A9CE84224685B8000CAFBD /* Resources */,
			);
			buildRules = (
			);
			dependencies = (
				68A9CE88224685B8000CAFBD /* PBXTargetDependency */,
			);
			name = BookStoreUITests;
			productName = BookStoreUITests;
			productReference = 68A9CE86224685B8000CAFBD /* BookStoreUITests.xctest */;
			productType = "com.apple.product-type.bundle.ui-testing";
		};
/* End PBXNativeTarget section */

/* Begin PBXProject section */
		68A9CE5F224685B6000CAFBD /* Project object */ = {
			isa = PBXProject;
			attributes = {
				LastSwiftUpdateCheck = 1010;
				LastUpgradeCheck = 1010;
				ORGANIZATIONNAME = marco.h.maia.marques;
				TargetAttributes = {
					68A9CE66224685B6000CAFBD = {
						CreatedOnToolsVersion = 10.1;
					};
					68A9CE7A224685B8000CAFBD = {
						CreatedOnToolsVersion = 10.1;
						TestTargetID = 68A9CE66224685B6000CAFBD;
					};
					68A9CE85224685B8000CAFBD = {
						CreatedOnToolsVersion = 10.1;
						TestTargetID = 68A9CE66224685B6000CAFBD;
					};
				};
			};
			buildConfigurationList = 68A9CE62224685B6000CAFBD /* Build configuration list for PBXProject "BookStore" */;
			compatibilityVersion = "Xcode 9.3";
			developmentRegion = en;
			hasScannedForEncodings = 0;
			knownRegions = (
				en,
				Base,
			);
			mainGroup = 68A9CE5E224685B6000CAFBD;
			productRefGroup = 68A9CE68224685B6000CAFBD /* Products */;
			projectDirPath = "";
			projectRoot = "";
			targets = (
				68A9CE66224685B6000CAFBD /* BookStore */,
				68A9CE7A224685B8000CAFBD /* BookStoreTests */,
				68A9CE85224685B8000CAFBD /* BookStoreUITests */,
			);
		};
/* End PBXProject section */

/* Begin PBXResourcesBuildPhase section */
		68A9CE65224685B6000CAFBD /* Resources */ = {
			isa = PBXResourcesBuildPhase;
			buildActionMask = 2147483647;
			files = (
				68E595AC2247E70600ACEC37 /* BookCell.xib in Resources */,
				68A9CE75224685B8000CAFBD /* LaunchScreen.storyboard in Resources */,
				68A9CE72224685B8000CAFBD /* Assets.xcassets in Resources */,
				68A9CE70224685B6000CAFBD /* Main.storyboard in Resources */,
			);
			runOnlyForDeploymentPostprocessing = 0;
		};
		68A9CE79224685B8000CAFBD /* Resources */ = {
			isa = PBXResourcesBuildPhase;
			buildActionMask = 2147483647;
			files = (
			);
			runOnlyForDeploymentPostprocessing = 0;
		};
		68A9CE84224685B8000CAFBD /* Resources */ = {
			isa = PBXResourcesBuildPhase;
			buildActionMask = 2147483647;
			files = (
			);
			runOnlyForDeploymentPostprocessing = 0;
		};
/* End PBXResourcesBuildPhase section */

/* Begin PBXShellScriptBuildPhase section */
		3F1A4A64F2074273771D296B /* [CP] Check Pods Manifest.lock */ = {
			isa = PBXShellScriptBuildPhase;
			buildActionMask = 2147483647;
			files = (
			);
			inputFileListPaths = (
			);
			inputPaths = (
				"${PODS_PODFILE_DIR_PATH}/Podfile.lock",
				"${PODS_ROOT}/Manifest.lock",
			);
			name = "[CP] Check Pods Manifest.lock";
			outputFileListPaths = (
			);
			outputPaths = (
				"$(DERIVED_FILE_DIR)/Pods-BookStoreTests-checkManifestLockResult.txt",
			);
			runOnlyForDeploymentPostprocessing = 0;
			shellPath = /bin/sh;
			shellScript = "diff \"${PODS_PODFILE_DIR_PATH}/Podfile.lock\" \"${PODS_ROOT}/Manifest.lock\" > /dev/null\nif [ $? != 0 ] ; then\n    # print error to STDERR\n    echo \"error: The sandbox is not in sync with the Podfile.lock. Run 'pod install' or update your CocoaPods installation.\" >&2\n    exit 1\nfi\n# This output is used by Xcode 'outputs' to avoid re-running this script phase.\necho \"SUCCESS\" > \"${SCRIPT_OUTPUT_FILE_0}\"\n";
			showEnvVarsInLog = 0;
		};
		5C1EACD00AC0B7BD43823118 /* [CP] Check Pods Manifest.lock */ = {
			isa = PBXShellScriptBuildPhase;
			buildActionMask = 2147483647;
			files = (
			);
			inputFileListPaths = (
			);
			inputPaths = (
				"${PODS_PODFILE_DIR_PATH}/Podfile.lock",
				"${PODS_ROOT}/Manifest.lock",
			);
			name = "[CP] Check Pods Manifest.lock";
			outputFileListPaths = (
			);
			outputPaths = (
				"$(DERIVED_FILE_DIR)/Pods-BookStore-checkManifestLockResult.txt",
			);
			runOnlyForDeploymentPostprocessing = 0;
			shellPath = /bin/sh;
			shellScript = "diff \"${PODS_PODFILE_DIR_PATH}/Podfile.lock\" \"${PODS_ROOT}/Manifest.lock\" > /dev/null\nif [ $? != 0 ] ; then\n    # print error to STDERR\n    echo \"error: The sandbox is not in sync with the Podfile.lock. Run 'pod install' or update your CocoaPods installation.\" >&2\n    exit 1\nfi\n# This output is used by Xcode 'outputs' to avoid re-running this script phase.\necho \"SUCCESS\" > \"${SCRIPT_OUTPUT_FILE_0}\"\n";
			showEnvVarsInLog = 0;
		};
		611E674F3080ED4BE1164342 /* [CP] Embed Pods Frameworks */ = {
			isa = PBXShellScriptBuildPhase;
			buildActionMask = 2147483647;
			files = (
			);
			inputFileListPaths = (
			);
			inputPaths = (
				"${PODS_ROOT}/Target Support Files/Pods-BookStoreTests/Pods-BookStoreTests-frameworks.sh",
				"${BUILT_PRODUCTS_DIR}/Nimble/Nimble.framework",
				"${BUILT_PRODUCTS_DIR}/Quick/Quick.framework",
			);
			name = "[CP] Embed Pods Frameworks";
			outputFileListPaths = (
			);
			outputPaths = (
				"${TARGET_BUILD_DIR}/${FRAMEWORKS_FOLDER_PATH}/Nimble.framework",
				"${TARGET_BUILD_DIR}/${FRAMEWORKS_FOLDER_PATH}/Quick.framework",
			);
			runOnlyForDeploymentPostprocessing = 0;
			shellPath = /bin/sh;
			shellScript = "\"${PODS_ROOT}/Target Support Files/Pods-BookStoreTests/Pods-BookStoreTests-frameworks.sh\"\n";
			showEnvVarsInLog = 0;
		};
		D47CBCCEBEED2E9999BA837B /* [CP] Check Pods Manifest.lock */ = {
			isa = PBXShellScriptBuildPhase;
			buildActionMask = 2147483647;
			files = (
			);
			inputFileListPaths = (
			);
			inputPaths = (
				"${PODS_PODFILE_DIR_PATH}/Podfile.lock",
				"${PODS_ROOT}/Manifest.lock",
			);
			name = "[CP] Check Pods Manifest.lock";
			outputFileListPaths = (
			);
			outputPaths = (
				"$(DERIVED_FILE_DIR)/Pods-BookStoreUITests-checkManifestLockResult.txt",
			);
			runOnlyForDeploymentPostprocessing = 0;
			shellPath = /bin/sh;
			shellScript = "diff \"${PODS_PODFILE_DIR_PATH}/Podfile.lock\" \"${PODS_ROOT}/Manifest.lock\" > /dev/null\nif [ $? != 0 ] ; then\n    # print error to STDERR\n    echo \"error: The sandbox is not in sync with the Podfile.lock. Run 'pod install' or update your CocoaPods installation.\" >&2\n    exit 1\nfi\n# This output is used by Xcode 'outputs' to avoid re-running this script phase.\necho \"SUCCESS\" > \"${SCRIPT_OUTPUT_FILE_0}\"\n";
			showEnvVarsInLog = 0;
		};
/* End PBXShellScriptBuildPhase section */

/* Begin PBXSourcesBuildPhase section */
		68A9CE63224685B6000CAFBD /* Sources */ = {
			isa = PBXSourcesBuildPhase;
			buildActionMask = 2147483647;
			files = (
				68E595922247B96F00ACEC37 /* IndustryIdentifiers.swift in Sources */,
				68E5959B2247C2AA00ACEC37 /* Price.swift in Sources */,
				68E5958B2247B61A00ACEC37 /* Codable+Extensions.swift in Sources */,
				68A9CE6B224685B6000CAFBD /* AppDelegate.swift in Sources */,
				68E5959F2247C36C00ACEC37 /* BookRouter.swift in Sources */,
				68E595882247B5E600ACEC37 /* APIClient.swift in Sources */,
				68E595A92247E48200ACEC37 /* BookCell.swift in Sources */,
				68E595902247B8D300ACEC37 /* VolumeInfo.swift in Sources */,
				68E595842247B59E00ACEC37 /* APIResult.swift in Sources */,
				68E595A12247C8BB00ACEC37 /* BookService.swift in Sources */,
				68E595942247BD9E00ACEC37 /* SaleInfo.swift in Sources */,
				68E595972247C23600ACEC37 /* ImageLinks.swift in Sources */,
				68E595822247B55E00ACEC37 /* EnvironmentConfig.swift in Sources */,
				68E595A32247C93100ACEC37 /* SearchResponse.swift in Sources */,
				68E5958E2247B83900ACEC37 /* Book.swift in Sources */,
				68E5957F2247B52A00ACEC37 /* APIRouter.swift in Sources */,
				68E595A62247CB5B00ACEC37 /* BookViewController.swift in Sources */,
				68E5957D2247B50B00ACEC37 /* APIClientProtocol.swift in Sources */,
				68E595862247B5BE00ACEC37 /* APIError.swift in Sources */,
			);
			runOnlyForDeploymentPostprocessing = 0;
		};
		68A9CE77224685B8000CAFBD /* Sources */ = {
			isa = PBXSourcesBuildPhase;
			buildActionMask = 2147483647;
			files = (
				68A9CE80224685B8000CAFBD /* BookStoreTests.swift in Sources */,
			);
			runOnlyForDeploymentPostprocessing = 0;
		};
		68A9CE82224685B8000CAFBD /* Sources */ = {
			isa = PBXSourcesBuildPhase;
			buildActionMask = 2147483647;
			files = (
				68A9CE8B224685B8000CAFBD /* BookStoreUITests.swift in Sources */,
			);
			runOnlyForDeploymentPostprocessing = 0;
		};
/* End PBXSourcesBuildPhase section */

/* Begin PBXTargetDependency section */
		68A9CE7D224685B8000CAFBD /* PBXTargetDependency */ = {
			isa = PBXTargetDependency;
			target = 68A9CE66224685B6000CAFBD /* BookStore */;
			targetProxy = 68A9CE7C224685B8000CAFBD /* PBXContainerItemProxy */;
		};
		68A9CE88224685B8000CAFBD /* PBXTargetDependency */ = {
			isa = PBXTargetDependency;
			target = 68A9CE66224685B6000CAFBD /* BookStore */;
			targetProxy = 68A9CE87224685B8000CAFBD /* PBXContainerItemProxy */;
		};
/* End PBXTargetDependency section */

/* Begin PBXVariantGroup section */
		68A9CE6E224685B6000CAFBD /* Main.storyboard */ = {
			isa = PBXVariantGroup;
			children = (
				68A9CE6F224685B6000CAFBD /* Base */,
			);
			name = Main.storyboard;
			sourceTree = "<group>";
		};
		68A9CE73224685B8000CAFBD /* LaunchScreen.storyboard */ = {
			isa = PBXVariantGroup;
			children = (
				68A9CE74224685B8000CAFBD /* Base */,
			);
			name = LaunchScreen.storyboard;
			sourceTree = "<group>";
		};
/* End PBXVariantGroup section */

/* Begin XCBuildConfiguration section */
		68A9CE8D224685B8000CAFBD /* Debug */ = {
			isa = XCBuildConfiguration;
			buildSettings = {
				ALWAYS_SEARCH_USER_PATHS = NO;
				CLANG_ANALYZER_NONNULL = YES;
				CLANG_ANALYZER_NUMBER_OBJECT_CONVERSION = YES_AGGRESSIVE;
				CLANG_CXX_LANGUAGE_STANDARD = "gnu++14";
				CLANG_CXX_LIBRARY = "libc++";
				CLANG_ENABLE_MODULES = YES;
				CLANG_ENABLE_OBJC_ARC = YES;
				CLANG_ENABLE_OBJC_WEAK = YES;
				CLANG_WARN_BLOCK_CAPTURE_AUTORELEASING = YES;
				CLANG_WARN_BOOL_CONVERSION = YES;
				CLANG_WARN_COMMA = YES;
				CLANG_WARN_CONSTANT_CONVERSION = YES;
				CLANG_WARN_DEPRECATED_OBJC_IMPLEMENTATIONS = YES;
				CLANG_WARN_DIRECT_OBJC_ISA_USAGE = YES_ERROR;
				CLANG_WARN_DOCUMENTATION_COMMENTS = YES;
				CLANG_WARN_EMPTY_BODY = YES;
				CLANG_WARN_ENUM_CONVERSION = YES;
				CLANG_WARN_INFINITE_RECURSION = YES;
				CLANG_WARN_INT_CONVERSION = YES;
				CLANG_WARN_NON_LITERAL_NULL_CONVERSION = YES;
				CLANG_WARN_OBJC_IMPLICIT_RETAIN_SELF = YES;
				CLANG_WARN_OBJC_LITERAL_CONVERSION = YES;
				CLANG_WARN_OBJC_ROOT_CLASS = YES_ERROR;
				CLANG_WARN_RANGE_LOOP_ANALYSIS = YES;
				CLANG_WARN_STRICT_PROTOTYPES = YES;
				CLANG_WARN_SUSPICIOUS_MOVE = YES;
				CLANG_WARN_UNGUARDED_AVAILABILITY = YES_AGGRESSIVE;
				CLANG_WARN_UNREACHABLE_CODE = YES;
				CLANG_WARN__DUPLICATE_METHOD_MATCH = YES;
				CODE_SIGN_IDENTITY = "iPhone Developer";
				COPY_PHASE_STRIP = NO;
				DEBUG_INFORMATION_FORMAT = dwarf;
				ENABLE_STRICT_OBJC_MSGSEND = YES;
				ENABLE_TESTABILITY = YES;
				GCC_C_LANGUAGE_STANDARD = gnu11;
				GCC_DYNAMIC_NO_PIC = NO;
				GCC_NO_COMMON_BLOCKS = YES;
				GCC_OPTIMIZATION_LEVEL = 0;
				GCC_PREPROCESSOR_DEFINITIONS = (
					"DEBUG=1",
					"$(inherited)",
				);
				GCC_WARN_64_TO_32_BIT_CONVERSION = YES;
				GCC_WARN_ABOUT_RETURN_TYPE = YES_ERROR;
				GCC_WARN_UNDECLARED_SELECTOR = YES;
				GCC_WARN_UNINITIALIZED_AUTOS = YES_AGGRESSIVE;
				GCC_WARN_UNUSED_FUNCTION = YES;
				GCC_WARN_UNUSED_VARIABLE = YES;
				IPHONEOS_DEPLOYMENT_TARGET = 12.1;
				MTL_ENABLE_DEBUG_INFO = INCLUDE_SOURCE;
				MTL_FAST_MATH = YES;
				ONLY_ACTIVE_ARCH = YES;
				SDKROOT = iphoneos;
				SWIFT_ACTIVE_COMPILATION_CONDITIONS = DEBUG;
				SWIFT_OPTIMIZATION_LEVEL = "-Onone";
			};
			name = Debug;
		};
		68A9CE8E224685B8000CAFBD /* Release */ = {
			isa = XCBuildConfiguration;
			buildSettings = {
				ALWAYS_SEARCH_USER_PATHS = NO;
				CLANG_ANALYZER_NONNULL = YES;
				CLANG_ANALYZER_NUMBER_OBJECT_CONVERSION = YES_AGGRESSIVE;
				CLANG_CXX_LANGUAGE_STANDARD = "gnu++14";
				CLANG_CXX_LIBRARY = "libc++";
				CLANG_ENABLE_MODULES = YES;
				CLANG_ENABLE_OBJC_ARC = YES;
				CLANG_ENABLE_OBJC_WEAK = YES;
				CLANG_WARN_BLOCK_CAPTURE_AUTORELEASING = YES;
				CLANG_WARN_BOOL_CONVERSION = YES;
				CLANG_WARN_COMMA = YES;
				CLANG_WARN_CONSTANT_CONVERSION = YES;
				CLANG_WARN_DEPRECATED_OBJC_IMPLEMENTATIONS = YES;
				CLANG_WARN_DIRECT_OBJC_ISA_USAGE = YES_ERROR;
				CLANG_WARN_DOCUMENTATION_COMMENTS = YES;
				CLANG_WARN_EMPTY_BODY = YES;
				CLANG_WARN_ENUM_CONVERSION = YES;
				CLANG_WARN_INFINITE_RECURSION = YES;
				CLANG_WARN_INT_CONVERSION = YES;
				CLANG_WARN_NON_LITERAL_NULL_CONVERSION = YES;
				CLANG_WARN_OBJC_IMPLICIT_RETAIN_SELF = YES;
				CLANG_WARN_OBJC_LITERAL_CONVERSION = YES;
				CLANG_WARN_OBJC_ROOT_CLASS = YES_ERROR;
				CLANG_WARN_RANGE_LOOP_ANALYSIS = YES;
				CLANG_WARN_STRICT_PROTOTYPES = YES;
				CLANG_WARN_SUSPICIOUS_MOVE = YES;
				CLANG_WARN_UNGUARDED_AVAILABILITY = YES_AGGRESSIVE;
				CLANG_WARN_UNREACHABLE_CODE = YES;
				CLANG_WARN__DUPLICATE_METHOD_MATCH = YES;
				CODE_SIGN_IDENTITY = "iPhone Developer";
				COPY_PHASE_STRIP = NO;
				DEBUG_INFORMATION_FORMAT = "dwarf-with-dsym";
				ENABLE_NS_ASSERTIONS = NO;
				ENABLE_STRICT_OBJC_MSGSEND = YES;
				GCC_C_LANGUAGE_STANDARD = gnu11;
				GCC_NO_COMMON_BLOCKS = YES;
				GCC_WARN_64_TO_32_BIT_CONVERSION = YES;
				GCC_WARN_ABOUT_RETURN_TYPE = YES_ERROR;
				GCC_WARN_UNDECLARED_SELECTOR = YES;
				GCC_WARN_UNINITIALIZED_AUTOS = YES_AGGRESSIVE;
				GCC_WARN_UNUSED_FUNCTION = YES;
				GCC_WARN_UNUSED_VARIABLE = YES;
				IPHONEOS_DEPLOYMENT_TARGET = 12.1;
				MTL_ENABLE_DEBUG_INFO = NO;
				MTL_FAST_MATH = YES;
				SDKROOT = iphoneos;
				SWIFT_COMPILATION_MODE = wholemodule;
				SWIFT_OPTIMIZATION_LEVEL = "-O";
				VALIDATE_PRODUCT = YES;
			};
			name = Release;
		};
		68A9CE90224685B8000CAFBD /* Debug */ = {
			isa = XCBuildConfiguration;
			baseConfigurationReference = 79CB0BD0F23CB615AAD7216C /* Pods-BookStore.debug.xcconfig */;
			buildSettings = {
				ASSETCATALOG_COMPILER_APPICON_NAME = AppIcon;
				CODE_SIGN_STYLE = Automatic;
				INFOPLIST_FILE = BookStore/Info.plist;
				LD_RUNPATH_SEARCH_PATHS = (
					"$(inherited)",
					"@executable_path/Frameworks",
				);
				PRODUCT_BUNDLE_IDENTIFIER = br.com.mmarques.BookStore;
				PRODUCT_NAME = "$(TARGET_NAME)";
				SWIFT_VERSION = 4.2;
				TARGETED_DEVICE_FAMILY = "1,2";
			};
			name = Debug;
		};
		68A9CE91224685B8000CAFBD /* Release */ = {
			isa = XCBuildConfiguration;
			baseConfigurationReference = 52A03D537BB619B0702621E5 /* Pods-BookStore.release.xcconfig */;
			buildSettings = {
				ASSETCATALOG_COMPILER_APPICON_NAME = AppIcon;
				CODE_SIGN_STYLE = Automatic;
				INFOPLIST_FILE = BookStore/Info.plist;
				LD_RUNPATH_SEARCH_PATHS = (
					"$(inherited)",
					"@executable_path/Frameworks",
				);
				PRODUCT_BUNDLE_IDENTIFIER = br.com.mmarques.BookStore;
				PRODUCT_NAME = "$(TARGET_NAME)";
				SWIFT_VERSION = 4.2;
				TARGETED_DEVICE_FAMILY = "1,2";
			};
			name = Release;
		};
		68A9CE93224685B8000CAFBD /* Debug */ = {
			isa = XCBuildConfiguration;
			baseConfigurationReference = 9D5CAA601FC81C58B30EA5ED /* Pods-BookStoreTests.debug.xcconfig */;
			buildSettings = {
				ALWAYS_EMBED_SWIFT_STANDARD_LIBRARIES = YES;
				BUNDLE_LOADER = "$(TEST_HOST)";
				CODE_SIGN_STYLE = Automatic;
				INFOPLIST_FILE = BookStoreTests/Info.plist;
				LD_RUNPATH_SEARCH_PATHS = (
					"$(inherited)",
					"@executable_path/Frameworks",
					"@loader_path/Frameworks",
				);
				PRODUCT_BUNDLE_IDENTIFIER = br.com.mmarques.BookStoreTests;
				PRODUCT_NAME = "$(TARGET_NAME)";
				SWIFT_VERSION = 4.2;
				TARGETED_DEVICE_FAMILY = "1,2";
				TEST_HOST = "$(BUILT_PRODUCTS_DIR)/BookStore.app/BookStore";
			};
			name = Debug;
		};
		68A9CE94224685B8000CAFBD /* Release */ = {
			isa = XCBuildConfiguration;
			baseConfigurationReference = 2E8E8BE575C65BA23ADE2D2A /* Pods-BookStoreTests.release.xcconfig */;
			buildSettings = {
				ALWAYS_EMBED_SWIFT_STANDARD_LIBRARIES = YES;
				BUNDLE_LOADER = "$(TEST_HOST)";
				CODE_SIGN_STYLE = Automatic;
				INFOPLIST_FILE = BookStoreTests/Info.plist;
				LD_RUNPATH_SEARCH_PATHS = (
					"$(inherited)",
					"@executable_path/Frameworks",
					"@loader_path/Frameworks",
				);
				PRODUCT_BUNDLE_IDENTIFIER = br.com.mmarques.BookStoreTests;
				PRODUCT_NAME = "$(TARGET_NAME)";
				SWIFT_VERSION = 4.2;
				TARGETED_DEVICE_FAMILY = "1,2";
				TEST_HOST = "$(BUILT_PRODUCTS_DIR)/BookStore.app/BookStore";
			};
			name = Release;
		};
		68A9CE96224685B8000CAFBD /* Debug */ = {
			isa = XCBuildConfiguration;
			baseConfigurationReference = 37BFD0D4CA6EEF24630304C2 /* Pods-BookStoreUITests.debug.xcconfig */;
			buildSettings = {
				ALWAYS_EMBED_SWIFT_STANDARD_LIBRARIES = YES;
				CODE_SIGN_STYLE = Automatic;
				INFOPLIST_FILE = BookStoreUITests/Info.plist;
				LD_RUNPATH_SEARCH_PATHS = (
					"$(inherited)",
					"@executable_path/Frameworks",
					"@loader_path/Frameworks",
				);
				PRODUCT_BUNDLE_IDENTIFIER = br.com.mmarques.BookStoreUITests;
				PRODUCT_NAME = "$(TARGET_NAME)";
				SWIFT_VERSION = 4.2;
				TARGETED_DEVICE_FAMILY = "1,2";
				TEST_TARGET_NAME = BookStore;
			};
			name = Debug;
		};
		68A9CE97224685B8000CAFBD /* Release */ = {
			isa = XCBuildConfiguration;
			baseConfigurationReference = F7BC8D9B99118374EFF2FB67 /* Pods-BookStoreUITests.release.xcconfig */;
			buildSettings = {
				ALWAYS_EMBED_SWIFT_STANDARD_LIBRARIES = YES;
				CODE_SIGN_STYLE = Automatic;
				INFOPLIST_FILE = BookStoreUITests/Info.plist;
				LD_RUNPATH_SEARCH_PATHS = (
					"$(inherited)",
					"@executable_path/Frameworks",
					"@loader_path/Frameworks",
				);
				PRODUCT_BUNDLE_IDENTIFIER = br.com.mmarques.BookStoreUITests;
				PRODUCT_NAME = "$(TARGET_NAME)";
				SWIFT_VERSION = 4.2;
				TARGETED_DEVICE_FAMILY = "1,2";
				TEST_TARGET_NAME = BookStore;
			};
			name = Release;
		};
/* End XCBuildConfiguration section */

/* Begin XCConfigurationList section */
		68A9CE62224685B6000CAFBD /* Build configuration list for PBXProject "BookStore" */ = {
			isa = XCConfigurationList;
			buildConfigurations = (
				68A9CE8D224685B8000CAFBD /* Debug */,
				68A9CE8E224685B8000CAFBD /* Release */,
			);
			defaultConfigurationIsVisible = 0;
			defaultConfigurationName = Release;
		};
		68A9CE8F224685B8000CAFBD /* Build configuration list for PBXNativeTarget "BookStore" */ = {
			isa = XCConfigurationList;
			buildConfigurations = (
				68A9CE90224685B8000CAFBD /* Debug */,
				68A9CE91224685B8000CAFBD /* Release */,
			);
			defaultConfigurationIsVisible = 0;
			defaultConfigurationName = Release;
		};
		68A9CE92224685B8000CAFBD /* Build configuration list for PBXNativeTarget "BookStoreTests" */ = {
			isa = XCConfigurationList;
			buildConfigurations = (
				68A9CE93224685B8000CAFBD /* Debug */,
				68A9CE94224685B8000CAFBD /* Release */,
			);
			defaultConfigurationIsVisible = 0;
			defaultConfigurationName = Release;
		};
		68A9CE95224685B8000CAFBD /* Build configuration list for PBXNativeTarget "BookStoreUITests" */ = {
			isa = XCConfigurationList;
			buildConfigurations = (
				68A9CE96224685B8000CAFBD /* Debug */,
				68A9CE97224685B8000CAFBD /* Release */,
			);
			defaultConfigurationIsVisible = 0;
			defaultConfigurationName = Release;
		};
/* End XCConfigurationList section */
	};
	rootObject = 68A9CE5F224685B6000CAFBD /* Project object */;
}
